// !$*UTF8*$!
{
	archiveVersion = 1;
	classes = {
	};
	objectVersion = 46;
	objects = {

/* Begin PBXBuildFile section */
		353D6EB519F705F000EE20C3 /* splash_dqm.m4v in Resources */ = {isa = PBXBuildFile; fileRef = 353D6EB419F705F000EE20C3 /* splash_dqm.m4v */; };
		353D6EB719F7184A00EE20C3 /* logo_general.png in Resources */ = {isa = PBXBuildFile; fileRef = 353D6EB619F7184A00EE20C3 /* logo_general.png */; };
		353D6EBA19F7197D00EE20C3 /* back_splash.jpg in Resources */ = {isa = PBXBuildFile; fileRef = 353D6EB919F7197D00EE20C3 /* back_splash.jpg */; };
		353D6EBC19F7268900EE20C3 /* homeViewController.swift in Sources */ = {isa = PBXBuildFile; fileRef = 353D6EBB19F7268900EE20C3 /* homeViewController.swift */; };
		359ECC9B19F81B2A00190128 /* foto_demo_quattro.jpg in Resources */ = {isa = PBXBuildFile; fileRef = 359ECC9A19F81B2A00190128 /* foto_demo_quattro.jpg */; };
		359ECC9D19F81F6B00190128 /* logo_general_white.png in Resources */ = {isa = PBXBuildFile; fileRef = 359ECC9C19F81F6B00190128 /* logo_general_white.png */; };
		35EAF67019EEE539003A60A1 /* AppDelegate.swift in Sources */ = {isa = PBXBuildFile; fileRef = 35EAF66F19EEE539003A60A1 /* AppDelegate.swift */; };
		35EAF67219EEE539003A60A1 /* ViewController.swift in Sources */ = {isa = PBXBuildFile; fileRef = 35EAF67119EEE539003A60A1 /* ViewController.swift */; };
		35EAF67519EEE539003A60A1 /* Main.storyboard in Resources */ = {isa = PBXBuildFile; fileRef = 35EAF67319EEE539003A60A1 /* Main.storyboard */; };
		35EAF67719EEE539003A60A1 /* Images.xcassets in Resources */ = {isa = PBXBuildFile; fileRef = 35EAF67619EEE539003A60A1 /* Images.xcassets */; };
		35EAF67A19EEE539003A60A1 /* LaunchScreen.xib in Resources */ = {isa = PBXBuildFile; fileRef = 35EAF67819EEE539003A60A1 /* LaunchScreen.xib */; };
		35EAF68619EEE539003A60A1 /* BaseApp_Quattro_1_0Tests.swift in Sources */ = {isa = PBXBuildFile; fileRef = 35EAF68519EEE539003A60A1 /* BaseApp_Quattro_1_0Tests.swift */; };
		35EAF69019EEE720003A60A1 /* splashViewController.swift in Sources */ = {isa = PBXBuildFile; fileRef = 35EAF68F19EEE720003A60A1 /* splashViewController.swift */; };
/* End PBXBuildFile section */

/* Begin PBXContainerItemProxy section */
		35EAF68019EEE539003A60A1 /* PBXContainerItemProxy */ = {
			isa = PBXContainerItemProxy;
			containerPortal = 35EAF66219EEE539003A60A1 /* Project object */;
			proxyType = 1;
			remoteGlobalIDString = 35EAF66919EEE539003A60A1;
			remoteInfo = "BaseApp-Quattro_1.0";
		};
/* End PBXContainerItemProxy section */

/* Begin PBXFileReference section */
		353D6EB419F705F000EE20C3 /* splash_dqm.m4v */ = {isa = PBXFileReference; lastKnownFileType = file; path = splash_dqm.m4v; sourceTree = "<group>"; };
		353D6EB619F7184A00EE20C3 /* logo_general.png */ = {isa = PBXFileReference; lastKnownFileType = image.png; path = logo_general.png; sourceTree = "<group>"; };
		353D6EB919F7197D00EE20C3 /* back_splash.jpg */ = {isa = PBXFileReference; lastKnownFileType = image.jpeg; path = back_splash.jpg; sourceTree = "<group>"; };
		353D6EBB19F7268900EE20C3 /* homeViewController.swift */ = {isa = PBXFileReference; fileEncoding = 4; lastKnownFileType = sourcecode.swift; path = homeViewController.swift; sourceTree = "<group>"; };
		359ECC9A19F81B2A00190128 /* foto_demo_quattro.jpg */ = {isa = PBXFileReference; lastKnownFileType = image.jpeg; path = foto_demo_quattro.jpg; sourceTree = "<group>"; };
		359ECC9C19F81F6B00190128 /* logo_general_white.png */ = {isa = PBXFileReference; lastKnownFileType = image.png; path = logo_general_white.png; sourceTree = "<group>"; };
		35EAF66A19EEE539003A60A1 /* BaseApp-Quattro_1.0.app */ = {isa = PBXFileReference; explicitFileType = wrapper.application; includeInIndex = 0; path = "BaseApp-Quattro_1.0.app"; sourceTree = BUILT_PRODUCTS_DIR; };
		35EAF66E19EEE539003A60A1 /* Info.plist */ = {isa = PBXFileReference; lastKnownFileType = text.plist.xml; path = Info.plist; sourceTree = "<group>"; };
		35EAF66F19EEE539003A60A1 /* AppDelegate.swift */ = {isa = PBXFileReference; lastKnownFileType = sourcecode.swift; path = AppDelegate.swift; sourceTree = "<group>"; };
		35EAF67119EEE539003A60A1 /* ViewController.swift */ = {isa = PBXFileReference; lastKnownFileType = sourcecode.swift; path = ViewController.swift; sourceTree = "<group>"; };
		35EAF67419EEE539003A60A1 /* Base */ = {isa = PBXFileReference; lastKnownFileType = file.storyboard; name = Base; path = Base.lproj/Main.storyboard; sourceTree = "<group>"; };
		35EAF67619EEE539003A60A1 /* Images.xcassets */ = {isa = PBXFileReference; lastKnownFileType = folder.assetcatalog; path = Images.xcassets; sourceTree = "<group>"; };
		35EAF67919EEE539003A60A1 /* Base */ = {isa = PBXFileReference; lastKnownFileType = file.xib; name = Base; path = Base.lproj/LaunchScreen.xib; sourceTree = "<group>"; };
		35EAF67F19EEE539003A60A1 /* BaseApp-Quattro_1.0Tests.xctest */ = {isa = PBXFileReference; explicitFileType = wrapper.cfbundle; includeInIndex = 0; path = "BaseApp-Quattro_1.0Tests.xctest"; sourceTree = BUILT_PRODUCTS_DIR; };
		35EAF68419EEE539003A60A1 /* Info.plist */ = {isa = PBXFileReference; lastKnownFileType = text.plist.xml; path = Info.plist; sourceTree = "<group>"; };
		35EAF68519EEE539003A60A1 /* BaseApp_Quattro_1_0Tests.swift */ = {isa = PBXFileReference; lastKnownFileType = sourcecode.swift; path = BaseApp_Quattro_1_0Tests.swift; sourceTree = "<group>"; };
		35EAF68F19EEE720003A60A1 /* splashViewController.swift */ = {isa = PBXFileReference; fileEncoding = 4; lastKnownFileType = sourcecode.swift; path = splashViewController.swift; sourceTree = "<group>"; };
/* End PBXFileReference section */

/* Begin PBXFrameworksBuildPhase section */
		35EAF66719EEE539003A60A1 /* Frameworks */ = {
			isa = PBXFrameworksBuildPhase;
			buildActionMask = 2147483647;
			files = (
			);
			runOnlyForDeploymentPostprocessing = 0;
		};
		35EAF67C19EEE539003A60A1 /* Frameworks */ = {
			isa = PBXFrameworksBuildPhase;
			buildActionMask = 2147483647;
			files = (
			);
			runOnlyForDeploymentPostprocessing = 0;
		};
/* End PBXFrameworksBuildPhase section */

/* Begin PBXGroup section */
		353D6EB819F7185000EE20C3 /* Images */ = {
			isa = PBXGroup;
			children = (
				359ECC9C19F81F6B00190128 /* logo_general_white.png */,
				353D6EB919F7197D00EE20C3 /* back_splash.jpg */,
				353D6EB619F7184A00EE20C3 /* logo_general.png */,
			);
			name = Images;
			sourceTree = "<group>";
		};
		359ECC9919F81B1D00190128 /* Galeria */ = {
			isa = PBXGroup;
			children = (
				359ECC9A19F81B2A00190128 /* foto_demo_quattro.jpg */,
			);
			name = Galeria;
			sourceTree = "<group>";
		};
		35B1B89E19EEE99A000A1DE3 /* splash */ = {
			isa = PBXGroup;
			children = (
				353D6EB419F705F000EE20C3 /* splash_dqm.m4v */,
			);
			name = splash;
			sourceTree = "<group>";
		};
		35EAF66119EEE539003A60A1 = {
			isa = PBXGroup;
			children = (
				35EAF66C19EEE539003A60A1 /* BaseApp-Quattro_1.0 */,
				35EAF68219EEE539003A60A1 /* BaseApp-Quattro_1.0Tests */,
				35EAF66B19EEE539003A60A1 /* Products */,
			);
			sourceTree = "<group>";
		};
		35EAF66B19EEE539003A60A1 /* Products */ = {
			isa = PBXGroup;
			children = (
				35EAF66A19EEE539003A60A1 /* BaseApp-Quattro_1.0.app */,
				35EAF67F19EEE539003A60A1 /* BaseApp-Quattro_1.0Tests.xctest */,
			);
			name = Products;
			sourceTree = "<group>";
		};
		35EAF66C19EEE539003A60A1 /* BaseApp-Quattro_1.0 */ = {
			isa = PBXGroup;
			children = (
				35EAF66F19EEE539003A60A1 /* AppDelegate.swift */,
				35EAF67319EEE539003A60A1 /* Main.storyboard */,
				35EAF67819EEE539003A60A1 /* LaunchScreen.xib */,
				35EAF67119EEE539003A60A1 /* ViewController.swift */,
				35EAF68F19EEE720003A60A1 /* splashViewController.swift */,
				353D6EBB19F7268900EE20C3 /* homeViewController.swift */,
				35EAF67619EEE539003A60A1 /* Images.xcassets */,
				35EAF66D19EEE539003A60A1 /* Supporting Files */,
			);
			path = "BaseApp-Quattro_1.0";
			sourceTree = "<group>";
		};
		35EAF66D19EEE539003A60A1 /* Supporting Files */ = {
			isa = PBXGroup;
			children = (
				359ECC9919F81B1D00190128 /* Galeria */,
				353D6EB819F7185000EE20C3 /* Images */,
				35B1B89E19EEE99A000A1DE3 /* splash */,
				35EAF66E19EEE539003A60A1 /* Info.plist */,
			);
			name = "Supporting Files";
			sourceTree = "<group>";
		};
		35EAF68219EEE539003A60A1 /* BaseApp-Quattro_1.0Tests */ = {
			isa = PBXGroup;
			children = (
				35EAF68519EEE539003A60A1 /* BaseApp_Quattro_1_0Tests.swift */,
				35EAF68319EEE539003A60A1 /* Supporting Files */,
			);
			path = "BaseApp-Quattro_1.0Tests";
			sourceTree = "<group>";
		};
		35EAF68319EEE539003A60A1 /* Supporting Files */ = {
			isa = PBXGroup;
			children = (
				35EAF68419EEE539003A60A1 /* Info.plist */,
			);
			name = "Supporting Files";
			sourceTree = "<group>";
		};
/* End PBXGroup section */

/* Begin PBXNativeTarget section */
		35EAF66919EEE539003A60A1 /* BaseApp-Quattro_1.0 */ = {
			isa = PBXNativeTarget;
			buildConfigurationList = 35EAF68919EEE53A003A60A1 /* Build configuration list for PBXNativeTarget "BaseApp-Quattro_1.0" */;
			buildPhases = (
				35EAF66619EEE539003A60A1 /* Sources */,
				35EAF66719EEE539003A60A1 /* Frameworks */,
				35EAF66819EEE539003A60A1 /* Resources */,
			);
			buildRules = (
			);
			dependencies = (
			);
			name = "BaseApp-Quattro_1.0";
			productName = "BaseApp-Quattro_1.0";
			productReference = 35EAF66A19EEE539003A60A1 /* BaseApp-Quattro_1.0.app */;
			productType = "com.apple.product-type.application";
		};
		35EAF67E19EEE539003A60A1 /* BaseApp-Quattro_1.0Tests */ = {
			isa = PBXNativeTarget;
			buildConfigurationList = 35EAF68C19EEE53A003A60A1 /* Build configuration list for PBXNativeTarget "BaseApp-Quattro_1.0Tests" */;
			buildPhases = (
				35EAF67B19EEE539003A60A1 /* Sources */,
				35EAF67C19EEE539003A60A1 /* Frameworks */,
				35EAF67D19EEE539003A60A1 /* Resources */,
			);
			buildRules = (
			);
			dependencies = (
				35EAF68119EEE539003A60A1 /* PBXTargetDependency */,
			);
			name = "BaseApp-Quattro_1.0Tests";
			productName = "BaseApp-Quattro_1.0Tests";
			productReference = 35EAF67F19EEE539003A60A1 /* BaseApp-Quattro_1.0Tests.xctest */;
			productType = "com.apple.product-type.bundle.unit-test";
		};
/* End PBXNativeTarget section */

/* Begin PBXProject section */
		35EAF66219EEE539003A60A1 /* Project object */ = {
			isa = PBXProject;
			attributes = {
				LastUpgradeCheck = 0600;
				ORGANIZATIONNAME = "Brand Quest S.A. C.V.";
				TargetAttributes = {
					35EAF66919EEE539003A60A1 = {
						CreatedOnToolsVersion = 6.0.1;
						DevelopmentTeam = N2MU9KV2G6;
					};
					35EAF67E19EEE539003A60A1 = {
						CreatedOnToolsVersion = 6.0.1;
						TestTargetID = 35EAF66919EEE539003A60A1;
					};
				};
			};
			buildConfigurationList = 35EAF66519EEE539003A60A1 /* Build configuration list for PBXProject "BaseApp-Quattro_1.0" */;
			compatibilityVersion = "Xcode 3.2";
			developmentRegion = English;
			hasScannedForEncodings = 0;
			knownRegions = (
				en,
				Base,
			);
			mainGroup = 35EAF66119EEE539003A60A1;
			productRefGroup = 35EAF66B19EEE539003A60A1 /* Products */;
			projectDirPath = "";
			projectRoot = "";
			targets = (
				35EAF66919EEE539003A60A1 /* BaseApp-Quattro_1.0 */,
				35EAF67E19EEE539003A60A1 /* BaseApp-Quattro_1.0Tests */,
			);
		};
/* End PBXProject section */

/* Begin PBXResourcesBuildPhase section */
		35EAF66819EEE539003A60A1 /* Resources */ = {
			isa = PBXResourcesBuildPhase;
			buildActionMask = 2147483647;
			files = (
				35EAF67519EEE539003A60A1 /* Main.storyboard in Resources */,
				35EAF67A19EEE539003A60A1 /* LaunchScreen.xib in Resources */,
				359ECC9B19F81B2A00190128 /* foto_demo_quattro.jpg in Resources */,
				35EAF67719EEE539003A60A1 /* Images.xcassets in Resources */,
				353D6EBA19F7197D00EE20C3 /* back_splash.jpg in Resources */,
				353D6EB519F705F000EE20C3 /* splash_dqm.m4v in Resources */,
				353D6EB719F7184A00EE20C3 /* logo_general.png in Resources */,
				359ECC9D19F81F6B00190128 /* logo_general_white.png in Resources */,
			);
			runOnlyForDeploymentPostprocessing = 0;
		};
		35EAF67D19EEE539003A60A1 /* Resources */ = {
			isa = PBXResourcesBuildPhase;
			buildActionMask = 2147483647;
			files = (
			);
			runOnlyForDeploymentPostprocessing = 0;
		};
/* End PBXResourcesBuildPhase section */

/* Begin PBXSourcesBuildPhase section */
		35EAF66619EEE539003A60A1 /* Sources */ = {
			isa = PBXSourcesBuildPhase;
			buildActionMask = 2147483647;
			files = (
				35EAF67219EEE539003A60A1 /* ViewController.swift in Sources */,
				35EAF67019EEE539003A60A1 /* AppDelegate.swift in Sources */,
				35EAF69019EEE720003A60A1 /* splashViewController.swift in Sources */,
				353D6EBC19F7268900EE20C3 /* homeViewController.swift in Sources */,
			);
			runOnlyForDeploymentPostprocessing = 0;
		};
		35EAF67B19EEE539003A60A1 /* Sources */ = {
			isa = PBXSourcesBuildPhase;
			buildActionMask = 2147483647;
			files = (
				35EAF68619EEE539003A60A1 /* BaseApp_Quattro_1_0Tests.swift in Sources */,
			);
			runOnlyForDeploymentPostprocessing = 0;
		};
/* End PBXSourcesBuildPhase section */

/* Begin PBXTargetDependency section */
		35EAF68119EEE539003A60A1 /* PBXTargetDependency */ = {
			isa = PBXTargetDependency;
			target = 35EAF66919EEE539003A60A1 /* BaseApp-Quattro_1.0 */;
			targetProxy = 35EAF68019EEE539003A60A1 /* PBXContainerItemProxy */;
		};
/* End PBXTargetDependency section */

/* Begin PBXVariantGroup section */
		35EAF67319EEE539003A60A1 /* Main.storyboard */ = {
			isa = PBXVariantGroup;
			children = (
				35EAF67419EEE539003A60A1 /* Base */,
			);
			name = Main.storyboard;
			sourceTree = "<group>";
		};
		35EAF67819EEE539003A60A1 /* LaunchScreen.xib */ = {
			isa = PBXVariantGroup;
			children = (
				35EAF67919EEE539003A60A1 /* Base */,
			);
			name = LaunchScreen.xib;
			sourceTree = "<group>";
		};
/* End PBXVariantGroup section */

/* Begin XCBuildConfiguration section */
		35EAF68719EEE53A003A60A1 /* Debug */ = {
			isa = XCBuildConfiguration;
			buildSettings = {
				ALWAYS_SEARCH_USER_PATHS = NO;
				CLANG_CXX_LANGUAGE_STANDARD = "gnu++0x";
				CLANG_CXX_LIBRARY = "libc++";
				CLANG_ENABLE_MODULES = YES;
				CLANG_ENABLE_OBJC_ARC = YES;
				CLANG_WARN_BOOL_CONVERSION = YES;
				CLANG_WARN_CONSTANT_CONVERSION = YES;
				CLANG_WARN_DIRECT_OBJC_ISA_USAGE = YES_ERROR;
				CLANG_WARN_EMPTY_BODY = YES;
				CLANG_WARN_ENUM_CONVERSION = YES;
				CLANG_WARN_INT_CONVERSION = YES;
				CLANG_WARN_OBJC_ROOT_CLASS = YES_ERROR;
				CLANG_WARN_UNREACHABLE_CODE = YES;
				CLANG_WARN__DUPLICATE_METHOD_MATCH = YES;
				"CODE_SIGN_IDENTITY[sdk=iphoneos*]" = "iPhone Developer";
				COPY_PHASE_STRIP = NO;
				ENABLE_STRICT_OBJC_MSGSEND = YES;
				GCC_C_LANGUAGE_STANDARD = gnu99;
				GCC_DYNAMIC_NO_PIC = NO;
				GCC_OPTIMIZATION_LEVEL = 0;
				GCC_PREPROCESSOR_DEFINITIONS = (
					"DEBUG=1",
					"$(inherited)",
				);
				GCC_SYMBOLS_PRIVATE_EXTERN = NO;
				GCC_WARN_64_TO_32_BIT_CONVERSION = YES;
				GCC_WARN_ABOUT_RETURN_TYPE = YES_ERROR;
				GCC_WARN_UNDECLARED_SELECTOR = YES;
				GCC_WARN_UNINITIALIZED_AUTOS = YES_AGGRESSIVE;
				GCC_WARN_UNUSED_FUNCTION = YES;
				GCC_WARN_UNUSED_VARIABLE = YES;
				IPHONEOS_DEPLOYMENT_TARGET = 8.0;
				MTL_ENABLE_DEBUG_INFO = YES;
				ONLY_ACTIVE_ARCH = YES;
				SDKROOT = iphoneos;
				SWIFT_OPTIMIZATION_LEVEL = "-Onone";
			};
			name = Debug;
		};
		35EAF68819EEE53A003A60A1 /* Release */ = {
			isa = XCBuildConfiguration;
			buildSettings = {
				ALWAYS_SEARCH_USER_PATHS = NO;
				CLANG_CXX_LANGUAGE_STANDARD = "gnu++0x";
				CLANG_CXX_LIBRARY = "libc++";
				CLANG_ENABLE_MODULES = YES;
				CLANG_ENABLE_OBJC_ARC = YES;
				CLANG_WARN_BOOL_CONVERSION = YES;
				CLANG_WARN_CONSTANT_CONVERSION = YES;
				CLANG_WARN_DIRECT_OBJC_ISA_USAGE = YES_ERROR;
				CLANG_WARN_EMPTY_BODY = YES;
				CLANG_WARN_ENUM_CONVERSION = YES;
				CLANG_WARN_INT_CONVERSION = YES;
				CLANG_WARN_OBJC_ROOT_CLASS = YES_ERROR;
				CLANG_WARN_UNREACHABLE_CODE = YES;
				CLANG_WARN__DUPLICATE_METHOD_MATCH = YES;
				"CODE_SIGN_IDENTITY[sdk=iphoneos*]" = "iPhone Developer";
				COPY_PHASE_STRIP = YES;
				ENABLE_NS_ASSERTIONS = NO;
				ENABLE_STRICT_OBJC_MSGSEND = YES;
				GCC_C_LANGUAGE_STANDARD = gnu99;
				GCC_WARN_64_TO_32_BIT_CONVERSION = YES;
				GCC_WARN_ABOUT_RETURN_TYPE = YES_ERROR;
				GCC_WARN_UNDECLARED_SELECTOR = YES;
				GCC_WARN_UNINITIALIZED_AUTOS = YES_AGGRESSIVE;
				GCC_WARN_UNUSED_FUNCTION = YES;
				GCC_WARN_UNUSED_VARIABLE = YES;
				IPHONEOS_DEPLOYMENT_TARGET = 8.0;
				MTL_ENABLE_DEBUG_INFO = NO;
				SDKROOT = iphoneos;
				VALIDATE_PRODUCT = YES;
			};
			name = Release;
		};
		35EAF68A19EEE53A003A60A1 /* Debug */ = {
			isa = XCBuildConfiguration;
			buildSettings = {
				ASSETCATALOG_COMPILER_APPICON_NAME = AppIcon;
				CODE_SIGN_IDENTITY = "iPhone Developer";
				INFOPLIST_FILE = "BaseApp-Quattro_1.0/Info.plist";
				LD_RUNPATH_SEARCH_PATHS = "$(inherited) @executable_path/Frameworks";
				PRODUCT_NAME = "$(TARGET_NAME)";
			};
			name = Debug;
		};
		35EAF68B19EEE53A003A60A1 /* Release */ = {
			isa = XCBuildConfiguration;
			buildSettings = {
				ASSETCATALOG_COMPILER_APPICON_NAME = AppIcon;
				CODE_SIGN_IDENTITY = "iPhone Developer";
				INFOPLIST_FILE = "BaseApp-Quattro_1.0/Info.plist";
				LD_RUNPATH_SEARCH_PATHS = "$(inherited) @executable_path/Frameworks";
				PRODUCT_NAME = "$(TARGET_NAME)";
			};
			name = Release;
		};
		35EAF68D19EEE53A003A60A1 /* Debug */ = {
			isa = XCBuildConfiguration;
			buildSettings = {
				BUNDLE_LOADER = "$(TEST_HOST)";
				FRAMEWORK_SEARCH_PATHS = (
					"$(SDKROOT)/Developer/Library/Frameworks",
					"$(inherited)",
				);
				GCC_PREPROCESSOR_DEFINITIONS = (
					"DEBUG=1",
					"$(inherited)",
				);
				INFOPLIST_FILE = "BaseApp-Quattro_1.0Tests/Info.plist";
				LD_RUNPATH_SEARCH_PATHS = "$(inherited) @executable_path/Frameworks @loader_path/Frameworks";
				PRODUCT_NAME = "$(TARGET_NAME)";
				TEST_HOST = "$(BUILT_PRODUCTS_DIR)/BaseApp-Quattro_1.0.app/BaseApp-Quattro_1.0";
			};
			name = Debug;
		};
		35EAF68E19EEE53A003A60A1 /* Release */ = {
			isa = XCBuildConfiguration;
			buildSettings = {
				BUNDLE_LOADER = "$(TEST_HOST)";
				FRAMEWORK_SEARCH_PATHS = (
					"$(SDKROOT)/Developer/Library/Frameworks",
					"$(inherited)",
				);
				INFOPLIST_FILE = "BaseApp-Quattro_1.0Tests/Info.plist";
				LD_RUNPATH_SEARCH_PATHS = "$(inherited) @executable_path/Frameworks @loader_path/Frameworks";
				PRODUCT_NAME = "$(TARGET_NAME)";
				TEST_HOST = "$(BUILT_PRODUCTS_DIR)/BaseApp-Quattro_1.0.app/BaseApp-Quattro_1.0";
			};
			name = Release;
		};
/* End XCBuildConfiguration section */

/* Begin XCConfigurationList section */
		35EAF66519EEE539003A60A1 /* Build configuration list for PBXProject "BaseApp-Quattro_1.0" */ = {
			isa = XCConfigurationList;
			buildConfigurations = (
				35EAF68719EEE53A003A60A1 /* Debug */,
				35EAF68819EEE53A003A60A1 /* Release */,
			);
			defaultConfigurationIsVisible = 0;
			defaultConfigurationName = Release;
		};
		35EAF68919EEE53A003A60A1 /* Build configuration list for PBXNativeTarget "BaseApp-Quattro_1.0" */ = {
			isa = XCConfigurationList;
			buildConfigurations = (
				35EAF68A19EEE53A003A60A1 /* Debug */,
				35EAF68B19EEE53A003A60A1 /* Release */,
			);
			defaultConfigurationIsVisible = 0;
			defaultConfigurationName = Release;
		};
		35EAF68C19EEE53A003A60A1 /* Build configuration list for PBXNativeTarget "BaseApp-Quattro_1.0Tests" */ = {
			isa = XCConfigurationList;
			buildConfigurations = (
				35EAF68D19EEE53A003A60A1 /* Debug */,
				35EAF68E19EEE53A003A60A1 /* Release */,
			);
			defaultConfigurationIsVisible = 0;
			defaultConfigurationName = Release;
		};
/* End XCConfigurationList section */
	};
	rootObject = 35EAF66219EEE539003A60A1 /* Project object */;
}
